
Microsoft Visual Studio Solution File, Format Version 12.00
# Visual Studio Version 17
VisualStudioVersion = 17.13.35919.96 d17.13
MinimumVisualStudioVersion = 10.0.40219.1
Project("{FAE04EC0-301F-11D3-BF4B-00C04F79EFBC}") = "POS System", "POS System.csproj", "{AA2ADC05-0D8E-4B18-9E4D-8CF8BBD13096}"
EndProject
Global
	GlobalSection(SolutionConfigurationPlatforms) = preSolution
		Debug|Any CPU = Debug|Any CPU
		Release|Any CPU = Release|Any CPU
	EndGlobalSection
	GlobalSection(ProjectConfigurationPlatforms) = postSolution
		{AA2ADC05-0D8E-4B18-9E4D-8CF8BBD13096}.Debug|Any CPU.ActiveCfg = Debug|Any CPU
		{AA2ADC05-0D8E-4B18-9E4D-8CF8BBD13096}.Debug|Any CPU.Build.0 = Debug|Any CPU
		{AA2ADC05-0D8E-4B18-9E4D-8CF8BBD13096}.Release|Any CPU.ActiveCfg = Release|Any CPU
		{AA2ADC05-0D8E-4B18-9E4D-8CF8BBD13096}.Release|Any CPU.Build.0 = Release|Any CPU
	EndGlobalSection
	GlobalSection(SolutionProperties) = preSolution
		HideSolutionNode = FALSE
	EndGlobalSection
	GlobalSection(ExtensibilityGlobals) = postSolution
		SolutionGuid = {3BDB3D31-FD9E-4416-B8D4-0251BCA69A8C}
	EndGlobalSection
EndGlobal
